// !$*UTF8*$!
{
	archiveVersion = 1;
	classes = {
	};
	objectVersion = 46;
	objects = {

/* Begin PBXBuildFile section */
		7739A6011DC1A47E0020D974 /* main.m in Sources */ = {isa = PBXBuildFile; fileRef = 7739A6001DC1A47E0020D974 /* main.m */; };
		7739A6041DC1A47E0020D974 /* AppDelegate.m in Sources */ = {isa = PBXBuildFile; fileRef = 7739A6031DC1A47E0020D974 /* AppDelegate.m */; };
		7739A6071DC1A47E0020D974 /* RootViewController.m in Sources */ = {isa = PBXBuildFile; fileRef = 7739A6061DC1A47E0020D974 /* RootViewController.m */; };
		7739A60A1DC1A47E0020D974 /* DataViewController.m in Sources */ = {isa = PBXBuildFile; fileRef = 7739A6091DC1A47E0020D974 /* DataViewController.m */; };
		7739A60D1DC1A47E0020D974 /* ModelController.m in Sources */ = {isa = PBXBuildFile; fileRef = 7739A60C1DC1A47E0020D974 /* ModelController.m */; };
		7739A6101DC1A47E0020D974 /* Main.storyboard in Resources */ = {isa = PBXBuildFile; fileRef = 7739A60E1DC1A47E0020D974 /* Main.storyboard */; };
		7739A6121DC1A47E0020D974 /* Assets.xcassets in Resources */ = {isa = PBXBuildFile; fileRef = 7739A6111DC1A47E0020D974 /* Assets.xcassets */; };
		7739A6151DC1A47E0020D974 /* LaunchScreen.storyboard in Resources */ = {isa = PBXBuildFile; fileRef = 7739A6131DC1A47E0020D974 /* LaunchScreen.storyboard */; };
/* End PBXBuildFile section */

/* Begin PBXFileReference section */
		7739A5FC1DC1A47E0020D974 /* pageVC.app */ = {isa = PBXFileReference; explicitFileType = wrapper.application; includeInIndex = 0; path = pageVC.app; sourceTree = BUILT_PRODUCTS_DIR; };
		7739A6001DC1A47E0020D974 /* main.m */ = {isa = PBXFileReference; lastKnownFileType = sourcecode.c.objc; path = main.m; sourceTree = "<group>"; };
		7739A6021DC1A47E0020D974 /* AppDelegate.h */ = {isa = PBXFileReference; lastKnownFileType = sourcecode.c.h; path = AppDelegate.h; sourceTree = "<group>"; };
		7739A6031DC1A47E0020D974 /* AppDelegate.m */ = {isa = PBXFileReference; lastKnownFileType = sourcecode.c.objc; path = AppDelegate.m; sourceTree = "<group>"; };
		7739A6051DC1A47E0020D974 /* RootViewController.h */ = {isa = PBXFileReference; lastKnownFileType = sourcecode.c.h; path = RootViewController.h; sourceTree = "<group>"; };
		7739A6061DC1A47E0020D974 /* RootViewController.m */ = {isa = PBXFileReference; lastKnownFileType = sourcecode.c.objc; path = RootViewController.m; sourceTree = "<group>"; };
		7739A6081DC1A47E0020D974 /* DataViewController.h */ = {isa = PBXFileReference; lastKnownFileType = sourcecode.c.h; path = DataViewController.h; sourceTree = "<group>"; };
		7739A6091DC1A47E0020D974 /* DataViewController.m */ = {isa = PBXFileReference; lastKnownFileType = sourcecode.c.objc; path = DataViewController.m; sourceTree = "<group>"; };
		7739A60B1DC1A47E0020D974 /* ModelController.h */ = {isa = PBXFileReference; lastKnownFileType = sourcecode.c.h; path = ModelController.h; sourceTree = "<group>"; };
		7739A60C1DC1A47E0020D974 /* ModelController.m */ = {isa = PBXFileReference; lastKnownFileType = sourcecode.c.objc; path = ModelController.m; sourceTree = "<group>"; };
		7739A60F1DC1A47E0020D974 /* Base */ = {isa = PBXFileReference; lastKnownFileType = file.storyboard; name = Base; path = Base.lproj/Main.storyboard; sourceTree = "<group>"; };
		7739A6111DC1A47E0020D974 /* Assets.xcassets */ = {isa = PBXFileReference; lastKnownFileType = folder.assetcatalog; path = Assets.xcassets; sourceTree = "<group>"; };
		7739A6141DC1A47E0020D974 /* Base */ = {isa = PBXFileReference; lastKnownFileType = file.storyboard; name = Base; path = Base.lproj/LaunchScreen.storyboard; sourceTree = "<group>"; };
		7739A6161DC1A47E0020D974 /* Info.plist */ = {isa = PBXFileReference; lastKnownFileType = text.plist.xml; path = Info.plist; sourceTree = "<group>"; };
/* End PBXFileReference section */

/* Begin PBXFrameworksBuildPhase section */
		7739A5F91DC1A47E0020D974 /* Frameworks */ = {
			isa = PBXFrameworksBuildPhase;
			buildActionMask = 2147483647;
			files = (
			);
			runOnlyForDeploymentPostprocessing = 0;
		};
/* End PBXFrameworksBuildPhase section */

/* Begin PBXGroup section */
		7739A5F31DC1A47E0020D974 = {
			isa = PBXGroup;
			children = (
				7739A5FE1DC1A47E0020D974 /* pageVC */,
				7739A5FD1DC1A47E0020D974 /* Products */,
			);
			sourceTree = "<group>";
		};
		7739A5FD1DC1A47E0020D974 /* Products */ = {
			isa = PBXGroup;
			children = (
				7739A5FC1DC1A47E0020D974 /* pageVC.app */,
			);
			name = Products;
			sourceTree = "<group>";
		};
		7739A5FE1DC1A47E0020D974 /* pageVC */ = {
			isa = PBXGroup;
			children = (
				7739A6021DC1A47E0020D974 /* AppDelegate.h */,
				7739A6031DC1A47E0020D974 /* AppDelegate.m */,
				7739A6051DC1A47E0020D974 /* RootViewController.h */,
				7739A6061DC1A47E0020D974 /* RootViewController.m */,
				7739A6081DC1A47E0020D974 /* DataViewController.h */,
				7739A6091DC1A47E0020D974 /* DataViewController.m */,
				7739A60B1DC1A47E0020D974 /* ModelController.h */,
				7739A60C1DC1A47E0020D974 /* ModelController.m */,
				7739A60E1DC1A47E0020D974 /* Main.storyboard */,
				7739A6111DC1A47E0020D974 /* Assets.xcassets */,
				7739A6131DC1A47E0020D974 /* LaunchScreen.storyboard */,
				7739A6161DC1A47E0020D974 /* Info.plist */,
				7739A5FF1DC1A47E0020D974 /* Supporting Files */,
			);
			path = pageVC;
			sourceTree = "<group>";
		};
		7739A5FF1DC1A47E0020D974 /* Supporting Files */ = {
			isa = PBXGroup;
			children = (
				7739A6001DC1A47E0020D974 /* main.m */,
			);
			name = "Supporting Files";
			sourceTree = "<group>";
		};
/* End PBXGroup section */

/* Begin PBXNativeTarget section */
		7739A5FB1DC1A47E0020D974 /* pageVC */ = {
			isa = PBXNativeTarget;
			buildConfigurationList = 7739A6191DC1A47E0020D974 /* Build configuration list for PBXNativeTarget "pageVC" */;
			buildPhases = (
				7739A5F81DC1A47E0020D974 /* Sources */,
				7739A5F91DC1A47E0020D974 /* Frameworks */,
				7739A5FA1DC1A47E0020D974 /* Resources */,
			);
			buildRules = (
			);
			dependencies = (
			);
			name = pageVC;
			productName = pageVC;
			productReference = 7739A5FC1DC1A47E0020D974 /* pageVC.app */;
			productType = "com.apple.product-type.application";
		};
/* End PBXNativeTarget section */

/* Begin PBXProject section */
		7739A5F41DC1A47E0020D974 /* Project object */ = {
			isa = PBXProject;
			attributes = {
				LastUpgradeCheck = 0730;
				ORGANIZATIONNAME = maoge;
				TargetAttributes = {
					7739A5FB1DC1A47E0020D974 = {
						CreatedOnToolsVersion = 7.3.1;
						DevelopmentTeam = 47LF34TNU8;
					};
				};
			};
			buildConfigurationList = 7739A5F71DC1A47E0020D974 /* Build configuration list for PBXProject "pageVC" */;
			compatibilityVersion = "Xcode 3.2";
			developmentRegion = English;
			hasScannedForEncodings = 0;
			knownRegions = (
				en,
				Base,
			);
			mainGroup = 7739A5F31DC1A47E0020D974;
			productRefGroup = 7739A5FD1DC1A47E0020D974 /* Products */;
			projectDirPath = "";
			projectRoot = "";
			targets = (
				7739A5FB1DC1A47E0020D974 /* pageVC */,
			);
		};
/* End PBXProject section */

/* Begin PBXResourcesBuildPhase section */
		7739A5FA1DC1A47E0020D974 /* Resources */ = {
			isa = PBXResourcesBuildPhase;
			buildActionMask = 2147483647;
			files = (
				7739A6151DC1A47E0020D974 /* LaunchScreen.storyboard in Resources */,
				7739A6121DC1A47E0020D974 /* Assets.xcassets in Resources */,
				7739A6101DC1A47E0020D974 /* Main.storyboard in Resources */,
			);
			runOnlyForDeploymentPostprocessing = 0;
		};
/* End PBXResourcesBuildPhase section */

/* Begin PBXSourcesBuildPhase section */
		7739A5F81DC1A47E0020D974 /* Sources */ = {
			isa = PBXSourcesBuildPhase;
			buildActionMask = 2147483647;
			files = (
				7739A60A1DC1A47E0020D974 /* DataViewController.m in Sources */,
				7739A6041DC1A47E0020D974 /* AppDelegate.m in Sources */,
				7739A60D1DC1A47E0020D974 /* ModelController.m in Sources */,
				7739A6011DC1A47E0020D974 /* main.m in Sources */,
				7739A6071DC1A47E0020D974 /* RootViewController.m in Sources */,
			);
			runOnlyForDeploymentPostprocessing = 0;
		};
/* End PBXSourcesBuildPhase section */

/* Begin PBXVariantGroup section */
		7739A60E1DC1A47E0020D974 /* Main.storyboard */ = {
			isa = PBXVariantGroup;
			children = (
				7739A60F1DC1A47E0020D974 /* Base */,
			);
			name = Main.storyboard;
			sourceTree = "<group>";
		};
		7739A6131DC1A47E0020D974 /* LaunchScreen.storyboard */ = {
			isa = PBXVariantGroup;
			children = (
				7739A6141DC1A47E0020D974 /* Base */,
			);
			name = LaunchScreen.storyboard;
			sourceTree = "<group>";
		};
/* End PBXVariantGroup section */

/* Begin XCBuildConfiguration section */
		7739A6171DC1A47E0020D974 /* Debug */ = {
			isa = XCBuildConfiguration;
			buildSettings = {
				ALWAYS_SEARCH_USER_PATHS = NO;
				CLANG_ANALYZER_NONNULL = YES;
				CLANG_CXX_LANGUAGE_STANDARD = "gnu++0x";
				CLANG_CXX_LIBRARY = "libc++";
				CLANG_ENABLE_MODULES = YES;
				CLANG_ENABLE_OBJC_ARC = YES;
				CLANG_WARN_BOOL_CONVERSION = YES;
				CLANG_WARN_CONSTANT_CONVERSION = YES;
				CLANG_WARN_DIRECT_OBJC_ISA_USAGE = YES_ERROR;
				CLANG_WARN_EMPTY_BODY = YES;
				CLANG_WARN_ENUM_CONVERSION = YES;
				CLANG_WARN_INT_CONVERSION = YES;
				CLANG_WARN_OBJC_ROOT_CLASS = YES_ERROR;
				CLANG_WARN_UNREACHABLE_CODE = YES;
				CLANG_WARN__DUPLICATE_METHOD_MATCH = YES;
				"CODE_SIGN_IDENTITY[sdk=iphoneos*]" = "iPhone Developer";
				COPY_PHASE_STRIP = NO;
				DEBUG_INFORMATION_FORMAT = dwarf;
				ENABLE_STRICT_OBJC_MSGSEND = YES;
				ENABLE_TESTABILITY = YES;
				GCC_C_LANGUAGE_STANDARD = gnu99;
				GCC_DYNAMIC_NO_PIC = NO;
				GCC_NO_COMMON_BLOCKS = YES;
				GCC_OPTIMIZATION_LEVEL = 0;
				GCC_PREPROCESSOR_DEFINITIONS = (
					"DEBUG=1",
					"$(inherited)",
				);
				GCC_WARN_64_TO_32_BIT_CONVERSION = YES;
				GCC_WARN_ABOUT_RETURN_TYPE = YES_ERROR;
				GCC_WARN_UNDECLARED_SELECTOR = YES;
				GCC_WARN_UNINITIALIZED_AUTOS = YES_AGGRESSIVE;
				GCC_WARN_UNUSED_FUNCTION = YES;
				GCC_WARN_UNUSED_VARIABLE = YES;
				IPHONEOS_DEPLOYMENT_TARGET = 9.3;
				MTL_ENABLE_DEBUG_INFO = YES;
				ONLY_ACTIVE_ARCH = YES;
				SDKROOT = iphoneos;
			};
			name = Debug;
		};
		7739A6181DC1A47E0020D974 /* Release */ = {
			isa = XCBuildConfiguration;
			buildSettings = {
				ALWAYS_SEARCH_USER_PATHS = NO;
				CLANG_ANALYZER_NONNULL = YES;
				CLANG_CXX_LANGUAGE_STANDARD = "gnu++0x";
				CLANG_CXX_LIBRARY = "libc++";
				CLANG_ENABLE_MODULES = YES;
				CLANG_ENABLE_OBJC_ARC = YES;
				CLANG_WARN_BOOL_CONVERSION = YES;
				CLANG_WARN_CONSTANT_CONVERSION = YES;
				CLANG_WARN_DIRECT_OBJC_ISA_USAGE = YES_ERROR;
				CLANG_WARN_EMPTY_BODY = YES;
				CLANG_WARN_ENUM_CONVERSION = YES;
				CLANG_WARN_INT_CONVERSION = YES;
				CLANG_WARN_OBJC_ROOT_CLASS = YES_ERROR;
				CLANG_WARN_UNREACHABLE_CODE = YES;
				CLANG_WARN__DUPLICATE_METHOD_MATCH = YES;
				"CODE_SIGN_IDENTITY[sdk=iphoneos*]" = "iPhone Developer";
				COPY_PHASE_STRIP = NO;
				DEBUG_INFORMATION_FORMAT = "dwarf-with-dsym";
				ENABLE_NS_ASSERTIONS = NO;
				ENABLE_STRICT_OBJC_MSGSEND = YES;
				GCC_C_LANGUAGE_STANDARD = gnu99;
				GCC_NO_COMMON_BLOCKS = YES;
				GCC_WARN_64_TO_32_BIT_CONVERSION = YES;
				GCC_WARN_ABOUT_RETURN_TYPE = YES_ERROR;
				GCC_WARN_UNDECLARED_SELECTOR = YES;
				GCC_WARN_UNINITIALIZED_AUTOS = YES_AGGRESSIVE;
				GCC_WARN_UNUSED_FUNCTION = YES;
				GCC_WARN_UNUSED_VARIABLE = YES;
				IPHONEOS_DEPLOYMENT_TARGET = 9.3;
				MTL_ENABLE_DEBUG_INFO = NO;
				SDKROOT = iphoneos;
				VALIDATE_PRODUCT = YES;
			};
			name = Release;
		};
		7739A61A1DC1A47E0020D974 /* Debug */ = {
			isa = XCBuildConfiguration;
			buildSettings = {
				ASSETCATALOG_COMPILER_APPICON_NAME = AppIcon;
				INFOPLIST_FILE = pageVC/Info.plist;
				LD_RUNPATH_SEARCH_PATHS = "$(inherited) @executable_path/Frameworks";
				PRODUCT_BUNDLE_IDENTIFIER = iOS.pageVC;
				PRODUCT_NAME = "$(TARGET_NAME)";
			};
			name = Debug;
		};
		7739A61B1DC1A47E0020D974 /* Release */ = {
			isa = XCBuildConfiguration;
			buildSettings = {
				ASSETCATALOG_COMPILER_APPICON_NAME = AppIcon;
				INFOPLIST_FILE = pageVC/Info.plist;
				LD_RUNPATH_SEARCH_PATHS = "$(inherited) @executable_path/Frameworks";
				PRODUCT_BUNDLE_IDENTIFIER = iOS.pageVC;
				PRODUCT_NAME = "$(TARGET_NAME)";
			};
			name = Release;
		};
/* End XCBuildConfiguration section */

/* Begin XCConfigurationList section */
		7739A5F71DC1A47E0020D974 /* Build configuration list for PBXProject "pageVC" */ = {
			isa = XCConfigurationList;
			buildConfigurations = (
				7739A6171DC1A47E0020D974 /* Debug */,
				7739A6181DC1A47E0020D974 /* Release */,
			);
			defaultConfigurationIsVisible = 0;
			defaultConfigurationName = Release;
		};
		7739A6191DC1A47E0020D974 /* Build configuration list for PBXNativeTarget "pageVC" */ = {
			isa = XCConfigurationList;
			buildConfigurations = (
				7739A61A1DC1A47E0020D974 /* Debug */,
				7739A61B1DC1A47E0020D974 /* Release */,
			);
			defaultConfigurationIsVisible = 0;
		};
/* End XCConfigurationList section */
	};
	rootObject = 7739A5F41DC1A47E0020D974 /* Project object */;
}
