// !$*UTF8*$!
{
	archiveVersion = 1;
	classes = {
	};
	objectVersion = 46;
	objects = {

/* Begin PBXBuildFile section */
		08398525DE9E37D37B4064C6 /* libPods-NewsDemo.a in Frameworks */ = {isa = PBXBuildFile; fileRef = 2E5D77AA2BECBA536DE59B2B /* libPods-NewsDemo.a */; };
		7739A5CB1DC085030020D974 /* JQExtraImageCell.xib in Resources */ = {isa = PBXBuildFile; fileRef = 7739A5C91DC085030020D974 /* JQExtraImageCell.xib */; };
		7739A5CE1DC08CFD0020D974 /* JQNewsCell.m in Sources */ = {isa = PBXBuildFile; fileRef = 7739A5CD1DC08CFD0020D974 /* JQNewsCell.m */; };
		7739A5D01DC095BD0020D974 /* JQBigImageCell.xib in Resources */ = {isa = PBXBuildFile; fileRef = 7739A5CF1DC095BD0020D974 /* JQBigImageCell.xib */; };
		7739A5D21DC09AB90020D974 /* JQHeadCell.xib in Resources */ = {isa = PBXBuildFile; fileRef = 7739A5D11DC09AB90020D974 /* JQHeadCell.xib */; };
		7739A5D51DC0A0050020D974 /* UIImageView+JQ_WebImage.m in Sources */ = {isa = PBXBuildFile; fileRef = 7739A5D41DC0A0050020D974 /* UIImageView+JQ_WebImage.m */; };
		7739A5DA1DC0A3AD0020D974 /* topic_news.json in Resources */ = {isa = PBXBuildFile; fileRef = 7739A5D91DC0A3AD0020D974 /* topic_news.json */; };
		7739A5DC1DC0A3B30020D974 /* news.css in Resources */ = {isa = PBXBuildFile; fileRef = 7739A5DB1DC0A3B30020D974 /* news.css */; };
		7739A5E61DC0AB1C0020D974 /* JQChannel.m in Sources */ = {isa = PBXBuildFile; fileRef = 7739A5E51DC0AB1C0020D974 /* JQChannel.m */; };
		7739A5ED1DC19C4C0020D974 /* JQChannelView.m in Sources */ = {isa = PBXBuildFile; fileRef = 7739A5E81DC19C4C0020D974 /* JQChannelView.m */; };
		7739A5EE1DC19C4C0020D974 /* JQChannelView.xib in Resources */ = {isa = PBXBuildFile; fileRef = 7739A5E91DC19C4C0020D974 /* JQChannelView.xib */; };
		7739A5F21DC19CCD0020D974 /* JQChannelLabel.m in Sources */ = {isa = PBXBuildFile; fileRef = 7739A5F11DC19CCD0020D974 /* JQChannelLabel.m */; };
		7739A61E1DC2579E0020D974 /* JQNewsDetailController.m in Sources */ = {isa = PBXBuildFile; fileRef = 7739A61D1DC2579E0020D974 /* JQNewsDetailController.m */; };
		77B41CAA1DBF436E0091E51F /* main.m in Sources */ = {isa = PBXBuildFile; fileRef = 77B41CA91DBF436E0091E51F /* main.m */; };
		77B41CAD1DBF436E0091E51F /* AppDelegate.m in Sources */ = {isa = PBXBuildFile; fileRef = 77B41CAC1DBF436E0091E51F /* AppDelegate.m */; };
		77B41CB51DBF436E0091E51F /* Assets.xcassets in Resources */ = {isa = PBXBuildFile; fileRef = 77B41CB41DBF436E0091E51F /* Assets.xcassets */; };
		77B41CB81DBF436E0091E51F /* LaunchScreen.storyboard in Resources */ = {isa = PBXBuildFile; fileRef = 77B41CB61DBF436E0091E51F /* LaunchScreen.storyboard */; };
		77B41CE61DBF47030091E51F /* NSArray+CZAddition.m in Sources */ = {isa = PBXBuildFile; fileRef = 77B41CC61DBF47030091E51F /* NSArray+CZAddition.m */; };
		77B41CE71DBF47030091E51F /* NSArray+Log.m in Sources */ = {isa = PBXBuildFile; fileRef = 77B41CC81DBF47030091E51F /* NSArray+Log.m */; };
		77B41CE81DBF47030091E51F /* NSAttributedString+CZAdditon.m in Sources */ = {isa = PBXBuildFile; fileRef = 77B41CCA1DBF47030091E51F /* NSAttributedString+CZAdditon.m */; };
		77B41CE91DBF47030091E51F /* NSAttributedString+Extension.m in Sources */ = {isa = PBXBuildFile; fileRef = 77B41CCC1DBF47030091E51F /* NSAttributedString+Extension.m */; };
		77B41CEA1DBF47030091E51F /* NSObject+CZAddition.m in Sources */ = {isa = PBXBuildFile; fileRef = 77B41CCE1DBF47030091E51F /* NSObject+CZAddition.m */; };
		77B41CEB1DBF47030091E51F /* NSString+Base64.m in Sources */ = {isa = PBXBuildFile; fileRef = 77B41CD01DBF47030091E51F /* NSString+Base64.m */; };
		77B41CED1DBF47030091E51F /* NSString+Hash.m in Sources */ = {isa = PBXBuildFile; fileRef = 77B41CD41DBF47030091E51F /* NSString+Hash.m */; };
		77B41CEE1DBF47030091E51F /* NSString+Path.m in Sources */ = {isa = PBXBuildFile; fileRef = 77B41CD61DBF47030091E51F /* NSString+Path.m */; };
		77B41CEF1DBF47030091E51F /* UIColor+CZAddition.m in Sources */ = {isa = PBXBuildFile; fileRef = 77B41CD81DBF47030091E51F /* UIColor+CZAddition.m */; };
		77B41CF01DBF47030091E51F /* UIImage+Extension.m in Sources */ = {isa = PBXBuildFile; fileRef = 77B41CDA1DBF47030091E51F /* UIImage+Extension.m */; };
		77B41CF11DBF47030091E51F /* UILabel+CZAddition.m in Sources */ = {isa = PBXBuildFile; fileRef = 77B41CDC1DBF47030091E51F /* UILabel+CZAddition.m */; };
		77B41CF21DBF47030091E51F /* UILabel+Extension.m in Sources */ = {isa = PBXBuildFile; fileRef = 77B41CDE1DBF47030091E51F /* UILabel+Extension.m */; };
		77B41CF31DBF47030091E51F /* UIView+WP.m in Sources */ = {isa = PBXBuildFile; fileRef = 77B41CE01DBF47030091E51F /* UIView+WP.m */; };
		77B41CF41DBF47030091E51F /* ZFBSlideCell.m in Sources */ = {isa = PBXBuildFile; fileRef = 77B41CE31DBF47030091E51F /* ZFBSlideCell.m */; };
		77B41CF51DBF47030091E51F /* ZFBSlideView.m in Sources */ = {isa = PBXBuildFile; fileRef = 77B41CE51DBF47030091E51F /* ZFBSlideView.m */; };
		77B41CF81DBF472D0091E51F /* JQMainTabController.m in Sources */ = {isa = PBXBuildFile; fileRef = 77B41CF71DBF472D0091E51F /* JQMainTabController.m */; };
		77B41CFB1DBF47480091E51F /* JQHomeController.m in Sources */ = {isa = PBXBuildFile; fileRef = 77B41CFA1DBF47480091E51F /* JQHomeController.m */; };
		77B41D011DBF5B310091E51F /* JQNewsListController.m in Sources */ = {isa = PBXBuildFile; fileRef = 77B41D001DBF5B310091E51F /* JQNewsListController.m */; };
		77B41D051DC043AB0091E51F /* JQNetworkManager.m in Sources */ = {isa = PBXBuildFile; fileRef = 77B41D041DC043AB0091E51F /* JQNetworkManager.m */; };
		77B41D091DC05A4F0091E51F /* JQNewsList.m in Sources */ = {isa = PBXBuildFile; fileRef = 77B41D081DC05A4F0091E51F /* JQNewsList.m */; };
		77B41D0F1DC05DBA0091E51F /* JQNewsNormalCell.xib in Resources */ = {isa = PBXBuildFile; fileRef = 77B41D0D1DC05DBA0091E51F /* JQNewsNormalCell.xib */; };
/* End PBXBuildFile section */

/* Begin PBXFileReference section */
		2E5D77AA2BECBA536DE59B2B /* libPods-NewsDemo.a */ = {isa = PBXFileReference; explicitFileType = archive.ar; includeInIndex = 0; path = "libPods-NewsDemo.a"; sourceTree = BUILT_PRODUCTS_DIR; };
		7739A5C91DC085030020D974 /* JQExtraImageCell.xib */ = {isa = PBXFileReference; fileEncoding = 4; lastKnownFileType = file.xib; path = JQExtraImageCell.xib; sourceTree = "<group>"; };
		7739A5CC1DC08CFD0020D974 /* JQNewsCell.h */ = {isa = PBXFileReference; fileEncoding = 4; lastKnownFileType = sourcecode.c.h; path = JQNewsCell.h; sourceTree = "<group>"; };
		7739A5CD1DC08CFD0020D974 /* JQNewsCell.m */ = {isa = PBXFileReference; fileEncoding = 4; lastKnownFileType = sourcecode.c.objc; path = JQNewsCell.m; sourceTree = "<group>"; };
		7739A5CF1DC095BD0020D974 /* JQBigImageCell.xib */ = {isa = PBXFileReference; fileEncoding = 4; lastKnownFileType = file.xib; path = JQBigImageCell.xib; sourceTree = "<group>"; };
		7739A5D11DC09AB90020D974 /* JQHeadCell.xib */ = {isa = PBXFileReference; fileEncoding = 4; lastKnownFileType = file.xib; path = JQHeadCell.xib; sourceTree = "<group>"; };
		7739A5D31DC0A0050020D974 /* UIImageView+JQ_WebImage.h */ = {isa = PBXFileReference; fileEncoding = 4; lastKnownFileType = sourcecode.c.h; path = "UIImageView+JQ_WebImage.h"; sourceTree = "<group>"; };
		7739A5D41DC0A0050020D974 /* UIImageView+JQ_WebImage.m */ = {isa = PBXFileReference; fileEncoding = 4; lastKnownFileType = sourcecode.c.objc; path = "UIImageView+JQ_WebImage.m"; sourceTree = "<group>"; };
		7739A5D91DC0A3AD0020D974 /* topic_news.json */ = {isa = PBXFileReference; fileEncoding = 4; lastKnownFileType = text.json; name = topic_news.json; path = ../../../topic_news.json; sourceTree = "<group>"; };
		7739A5DB1DC0A3B30020D974 /* news.css */ = {isa = PBXFileReference; fileEncoding = 4; lastKnownFileType = text.css; path = news.css; sourceTree = "<group>"; };
		7739A5E41DC0AB1C0020D974 /* JQChannel.h */ = {isa = PBXFileReference; fileEncoding = 4; lastKnownFileType = sourcecode.c.h; path = JQChannel.h; sourceTree = "<group>"; };
		7739A5E51DC0AB1C0020D974 /* JQChannel.m */ = {isa = PBXFileReference; fileEncoding = 4; lastKnownFileType = sourcecode.c.objc; path = JQChannel.m; sourceTree = "<group>"; };
		7739A5E71DC19C4C0020D974 /* JQChannelView.h */ = {isa = PBXFileReference; fileEncoding = 4; lastKnownFileType = sourcecode.c.h; path = JQChannelView.h; sourceTree = "<group>"; };
		7739A5E81DC19C4C0020D974 /* JQChannelView.m */ = {isa = PBXFileReference; fileEncoding = 4; lastKnownFileType = sourcecode.c.objc; path = JQChannelView.m; sourceTree = "<group>"; };
		7739A5E91DC19C4C0020D974 /* JQChannelView.xib */ = {isa = PBXFileReference; fileEncoding = 4; lastKnownFileType = file.xib; path = JQChannelView.xib; sourceTree = "<group>"; };
		7739A5F01DC19CCD0020D974 /* JQChannelLabel.h */ = {isa = PBXFileReference; fileEncoding = 4; lastKnownFileType = sourcecode.c.h; path = JQChannelLabel.h; sourceTree = "<group>"; };
		7739A5F11DC19CCD0020D974 /* JQChannelLabel.m */ = {isa = PBXFileReference; fileEncoding = 4; lastKnownFileType = sourcecode.c.objc; path = JQChannelLabel.m; sourceTree = "<group>"; };
		7739A61C1DC2579E0020D974 /* JQNewsDetailController.h */ = {isa = PBXFileReference; fileEncoding = 4; lastKnownFileType = sourcecode.c.h; path = JQNewsDetailController.h; sourceTree = "<group>"; };
		7739A61D1DC2579E0020D974 /* JQNewsDetailController.m */ = {isa = PBXFileReference; fileEncoding = 4; lastKnownFileType = sourcecode.c.objc; path = JQNewsDetailController.m; sourceTree = "<group>"; };
		77B41CA51DBF436E0091E51F /* NewsDemo.app */ = {isa = PBXFileReference; explicitFileType = wrapper.application; includeInIndex = 0; path = NewsDemo.app; sourceTree = BUILT_PRODUCTS_DIR; };
		77B41CA91DBF436E0091E51F /* main.m */ = {isa = PBXFileReference; lastKnownFileType = sourcecode.c.objc; path = main.m; sourceTree = "<group>"; };
		77B41CAB1DBF436E0091E51F /* AppDelegate.h */ = {isa = PBXFileReference; lastKnownFileType = sourcecode.c.h; path = AppDelegate.h; sourceTree = "<group>"; };
		77B41CAC1DBF436E0091E51F /* AppDelegate.m */ = {isa = PBXFileReference; lastKnownFileType = sourcecode.c.objc; path = AppDelegate.m; sourceTree = "<group>"; };
		77B41CB41DBF436E0091E51F /* Assets.xcassets */ = {isa = PBXFileReference; lastKnownFileType = folder.assetcatalog; path = Assets.xcassets; sourceTree = "<group>"; };
		77B41CB71DBF436E0091E51F /* Base */ = {isa = PBXFileReference; lastKnownFileType = file.storyboard; name = Base; path = Base.lproj/LaunchScreen.storyboard; sourceTree = "<group>"; };
		77B41CB91DBF436E0091E51F /* Info.plist */ = {isa = PBXFileReference; lastKnownFileType = text.plist.xml; path = Info.plist; sourceTree = "<group>"; };
		77B41CC41DBF47030091E51F /* CZAdditions.h */ = {isa = PBXFileReference; fileEncoding = 4; lastKnownFileType = sourcecode.c.h; path = CZAdditions.h; sourceTree = "<group>"; };
		77B41CC51DBF47030091E51F /* NSArray+CZAddition.h */ = {isa = PBXFileReference; fileEncoding = 4; lastKnownFileType = sourcecode.c.h; path = "NSArray+CZAddition.h"; sourceTree = "<group>"; };
		77B41CC61DBF47030091E51F /* NSArray+CZAddition.m */ = {isa = PBXFileReference; fileEncoding = 4; lastKnownFileType = sourcecode.c.objc; path = "NSArray+CZAddition.m"; sourceTree = "<group>"; };
		77B41CC71DBF47030091E51F /* NSArray+Log.h */ = {isa = PBXFileReference; fileEncoding = 4; lastKnownFileType = sourcecode.c.h; path = "NSArray+Log.h"; sourceTree = "<group>"; };
		77B41CC81DBF47030091E51F /* NSArray+Log.m */ = {isa = PBXFileReference; fileEncoding = 4; lastKnownFileType = sourcecode.c.objc; path = "NSArray+Log.m"; sourceTree = "<group>"; };
		77B41CC91DBF47030091E51F /* NSAttributedString+CZAdditon.h */ = {isa = PBXFileReference; fileEncoding = 4; lastKnownFileType = sourcecode.c.h; path = "NSAttributedString+CZAdditon.h"; sourceTree = "<group>"; };
		77B41CCA1DBF47030091E51F /* NSAttributedString+CZAdditon.m */ = {isa = PBXFileReference; fileEncoding = 4; lastKnownFileType = sourcecode.c.objc; path = "NSAttributedString+CZAdditon.m"; sourceTree = "<group>"; };
		77B41CCB1DBF47030091E51F /* NSAttributedString+Extension.h */ = {isa = PBXFileReference; fileEncoding = 4; lastKnownFileType = sourcecode.c.h; path = "NSAttributedString+Extension.h"; sourceTree = "<group>"; };
		77B41CCC1DBF47030091E51F /* NSAttributedString+Extension.m */ = {isa = PBXFileReference; fileEncoding = 4; lastKnownFileType = sourcecode.c.objc; path = "NSAttributedString+Extension.m"; sourceTree = "<group>"; };
		77B41CCD1DBF47030091E51F /* NSObject+CZAddition.h */ = {isa = PBXFileReference; fileEncoding = 4; lastKnownFileType = sourcecode.c.h; path = "NSObject+CZAddition.h"; sourceTree = "<group>"; };
		77B41CCE1DBF47030091E51F /* NSObject+CZAddition.m */ = {isa = PBXFileReference; fileEncoding = 4; lastKnownFileType = sourcecode.c.objc; path = "NSObject+CZAddition.m"; sourceTree = "<group>"; };
		77B41CCF1DBF47030091E51F /* NSString+Base64.h */ = {isa = PBXFileReference; fileEncoding = 4; lastKnownFileType = sourcecode.c.h; path = "NSString+Base64.h"; sourceTree = "<group>"; };
		77B41CD01DBF47030091E51F /* NSString+Base64.m */ = {isa = PBXFileReference; fileEncoding = 4; lastKnownFileType = sourcecode.c.objc; path = "NSString+Base64.m"; sourceTree = "<group>"; };
		77B41CD31DBF47030091E51F /* NSString+Hash.h */ = {isa = PBXFileReference; fileEncoding = 4; lastKnownFileType = sourcecode.c.h; path = "NSString+Hash.h"; sourceTree = "<group>"; };
		77B41CD41DBF47030091E51F /* NSString+Hash.m */ = {isa = PBXFileReference; fileEncoding = 4; lastKnownFileType = sourcecode.c.objc; path = "NSString+Hash.m"; sourceTree = "<group>"; };
		77B41CD51DBF47030091E51F /* NSString+Path.h */ = {isa = PBXFileReference; fileEncoding = 4; lastKnownFileType = sourcecode.c.h; path = "NSString+Path.h"; sourceTree = "<group>"; };
		77B41CD61DBF47030091E51F /* NSString+Path.m */ = {isa = PBXFileReference; fileEncoding = 4; lastKnownFileType = sourcecode.c.objc; path = "NSString+Path.m"; sourceTree = "<group>"; };
		77B41CD71DBF47030091E51F /* UIColor+CZAddition.h */ = {isa = PBXFileReference; fileEncoding = 4; lastKnownFileType = sourcecode.c.h; path = "UIColor+CZAddition.h"; sourceTree = "<group>"; };
		77B41CD81DBF47030091E51F /* UIColor+CZAddition.m */ = {isa = PBXFileReference; fileEncoding = 4; lastKnownFileType = sourcecode.c.objc; path = "UIColor+CZAddition.m"; sourceTree = "<group>"; };
		77B41CD91DBF47030091E51F /* UIImage+Extension.h */ = {isa = PBXFileReference; fileEncoding = 4; lastKnownFileType = sourcecode.c.h; path = "UIImage+Extension.h"; sourceTree = "<group>"; };
		77B41CDA1DBF47030091E51F /* UIImage+Extension.m */ = {isa = PBXFileReference; fileEncoding = 4; lastKnownFileType = sourcecode.c.objc; path = "UIImage+Extension.m"; sourceTree = "<group>"; };
		77B41CDB1DBF47030091E51F /* UILabel+CZAddition.h */ = {isa = PBXFileReference; fileEncoding = 4; lastKnownFileType = sourcecode.c.h; path = "UILabel+CZAddition.h"; sourceTree = "<group>"; };
		77B41CDC1DBF47030091E51F /* UILabel+CZAddition.m */ = {isa = PBXFileReference; fileEncoding = 4; lastKnownFileType = sourcecode.c.objc; path = "UILabel+CZAddition.m"; sourceTree = "<group>"; };
		77B41CDD1DBF47030091E51F /* UILabel+Extension.h */ = {isa = PBXFileReference; fileEncoding = 4; lastKnownFileType = sourcecode.c.h; path = "UILabel+Extension.h"; sourceTree = "<group>"; };
		77B41CDE1DBF47030091E51F /* UILabel+Extension.m */ = {isa = PBXFileReference; fileEncoding = 4; lastKnownFileType = sourcecode.c.objc; path = "UILabel+Extension.m"; sourceTree = "<group>"; };
		77B41CDF1DBF47030091E51F /* UIView+WP.h */ = {isa = PBXFileReference; fileEncoding = 4; lastKnownFileType = sourcecode.c.h; path = "UIView+WP.h"; sourceTree = "<group>"; };
		77B41CE01DBF47030091E51F /* UIView+WP.m */ = {isa = PBXFileReference; fileEncoding = 4; lastKnownFileType = sourcecode.c.objc; path = "UIView+WP.m"; sourceTree = "<group>"; };
		77B41CE21DBF47030091E51F /* ZFBSlideCell.h */ = {isa = PBXFileReference; fileEncoding = 4; lastKnownFileType = sourcecode.c.h; path = ZFBSlideCell.h; sourceTree = "<group>"; };
		77B41CE31DBF47030091E51F /* ZFBSlideCell.m */ = {isa = PBXFileReference; fileEncoding = 4; lastKnownFileType = sourcecode.c.objc; path = ZFBSlideCell.m; sourceTree = "<group>"; };
		77B41CE41DBF47030091E51F /* ZFBSlideView.h */ = {isa = PBXFileReference; fileEncoding = 4; lastKnownFileType = sourcecode.c.h; path = ZFBSlideView.h; sourceTree = "<group>"; };
		77B41CE51DBF47030091E51F /* ZFBSlideView.m */ = {isa = PBXFileReference; fileEncoding = 4; lastKnownFileType = sourcecode.c.objc; path = ZFBSlideView.m; sourceTree = "<group>"; };
		77B41CF61DBF472D0091E51F /* JQMainTabController.h */ = {isa = PBXFileReference; fileEncoding = 4; lastKnownFileType = sourcecode.c.h; path = JQMainTabController.h; sourceTree = "<group>"; };
		77B41CF71DBF472D0091E51F /* JQMainTabController.m */ = {isa = PBXFileReference; fileEncoding = 4; lastKnownFileType = sourcecode.c.objc; path = JQMainTabController.m; sourceTree = "<group>"; };
		77B41CF91DBF47480091E51F /* JQHomeController.h */ = {isa = PBXFileReference; fileEncoding = 4; lastKnownFileType = sourcecode.c.h; path = JQHomeController.h; sourceTree = "<group>"; };
		77B41CFA1DBF47480091E51F /* JQHomeController.m */ = {isa = PBXFileReference; fileEncoding = 4; lastKnownFileType = sourcecode.c.objc; path = JQHomeController.m; sourceTree = "<group>"; };
		77B41CFC1DBF4A5F0091E51F /* NewsPrefixHeader.pch */ = {isa = PBXFileReference; lastKnownFileType = sourcecode.c.h; path = NewsPrefixHeader.pch; sourceTree = "<group>"; };
		77B41CFF1DBF5B310091E51F /* JQNewsListController.h */ = {isa = PBXFileReference; fileEncoding = 4; lastKnownFileType = sourcecode.c.h; path = JQNewsListController.h; sourceTree = "<group>"; };
		77B41D001DBF5B310091E51F /* JQNewsListController.m */ = {isa = PBXFileReference; fileEncoding = 4; lastKnownFileType = sourcecode.c.objc; path = JQNewsListController.m; sourceTree = "<group>"; };
		77B41D031DC043AB0091E51F /* JQNetworkManager.h */ = {isa = PBXFileReference; fileEncoding = 4; lastKnownFileType = sourcecode.c.h; path = JQNetworkManager.h; sourceTree = "<group>"; };
		77B41D041DC043AB0091E51F /* JQNetworkManager.m */ = {isa = PBXFileReference; fileEncoding = 4; lastKnownFileType = sourcecode.c.objc; path = JQNetworkManager.m; sourceTree = "<group>"; };
		77B41D071DC05A4F0091E51F /* JQNewsList.h */ = {isa = PBXFileReference; fileEncoding = 4; lastKnownFileType = sourcecode.c.h; path = JQNewsList.h; sourceTree = "<group>"; };
		77B41D081DC05A4F0091E51F /* JQNewsList.m */ = {isa = PBXFileReference; fileEncoding = 4; lastKnownFileType = sourcecode.c.objc; path = JQNewsList.m; sourceTree = "<group>"; };
		77B41D0D1DC05DBA0091E51F /* JQNewsNormalCell.xib */ = {isa = PBXFileReference; fileEncoding = 4; lastKnownFileType = file.xib; path = JQNewsNormalCell.xib; sourceTree = "<group>"; };
		B544963064173AEB383905ED /* Pods-NewsDemo.release.xcconfig */ = {isa = PBXFileReference; includeInIndex = 1; lastKnownFileType = text.xcconfig; name = "Pods-NewsDemo.release.xcconfig"; path = "Pods/Target Support Files/Pods-NewsDemo/Pods-NewsDemo.release.xcconfig"; sourceTree = "<group>"; };
		CF5F054A288BDE4DA7732B83 /* Pods-NewsDemo.debug.xcconfig */ = {isa = PBXFileReference; includeInIndex = 1; lastKnownFileType = text.xcconfig; name = "Pods-NewsDemo.debug.xcconfig"; path = "Pods/Target Support Files/Pods-NewsDemo/Pods-NewsDemo.debug.xcconfig"; sourceTree = "<group>"; };
/* End PBXFileReference section */

/* Begin PBXFrameworksBuildPhase section */
		77B41CA21DBF436E0091E51F /* Frameworks */ = {
			isa = PBXFrameworksBuildPhase;
			buildActionMask = 2147483647;
			files = (
				08398525DE9E37D37B4064C6 /* libPods-NewsDemo.a in Frameworks */,
			);
			runOnlyForDeploymentPostprocessing = 0;
		};
/* End PBXFrameworksBuildPhase section */

/* Begin PBXGroup section */
		335F1C801F6F2AB1B414B516 /* Pods */ = {
			isa = PBXGroup;
			children = (
				CF5F054A288BDE4DA7732B83 /* Pods-NewsDemo.debug.xcconfig */,
				B544963064173AEB383905ED /* Pods-NewsDemo.release.xcconfig */,
			);
			name = Pods;
			sourceTree = "<group>";
		};
		7739A5D61DC0A2FF0020D974 /* Views */ = {
			isa = PBXGroup;
			children = (
				7739A5E71DC19C4C0020D974 /* JQChannelView.h */,
				7739A5E81DC19C4C0020D974 /* JQChannelView.m */,
				7739A5E91DC19C4C0020D974 /* JQChannelView.xib */,
				7739A5F01DC19CCD0020D974 /* JQChannelLabel.h */,
				7739A5F11DC19CCD0020D974 /* JQChannelLabel.m */,
			);
			path = Views;
			sourceTree = "<group>";
		};
		7739A5E31DC0AAF60020D974 /* Model */ = {
			isa = PBXGroup;
			children = (
				7739A5D91DC0A3AD0020D974 /* topic_news.json */,
				7739A5E41DC0AB1C0020D974 /* JQChannel.h */,
				7739A5E51DC0AB1C0020D974 /* JQChannel.m */,
			);
			path = Model;
			sourceTree = "<group>";
		};
		77B41C9C1DBF436E0091E51F = {
			isa = PBXGroup;
			children = (
				77B41CA71DBF436E0091E51F /* NewsDemo */,
				77B41CA61DBF436E0091E51F /* Products */,
				335F1C801F6F2AB1B414B516 /* Pods */,
				CC7B3DF29EF50652C022D160 /* Frameworks */,
			);
			sourceTree = "<group>";
		};
		77B41CA61DBF436E0091E51F /* Products */ = {
			isa = PBXGroup;
			children = (
				77B41CA51DBF436E0091E51F /* NewsDemo.app */,
			);
			name = Products;
			sourceTree = "<group>";
		};
		77B41CA71DBF436E0091E51F /* NewsDemo */ = {
			isa = PBXGroup;
			children = (
				77B41D021DC0426E0091E51F /* Network */,
				77B41CC21DBF47030091E51F /* Tools */,
				77B41CBF1DBF46F90091E51F /* Classes */,
				77B41CAB1DBF436E0091E51F /* AppDelegate.h */,
				77B41CAC1DBF436E0091E51F /* AppDelegate.m */,
				77B41CA81DBF436E0091E51F /* Supporting Files */,
			);
			path = NewsDemo;
			sourceTree = "<group>";
		};
		77B41CA81DBF436E0091E51F /* Supporting Files */ = {
			isa = PBXGroup;
			children = (
				77B41CB41DBF436E0091E51F /* Assets.xcassets */,
				7739A5DB1DC0A3B30020D974 /* news.css */,
				77B41CB61DBF436E0091E51F /* LaunchScreen.storyboard */,
				77B41CB91DBF436E0091E51F /* Info.plist */,
				77B41CA91DBF436E0091E51F /* main.m */,
				77B41CFC1DBF4A5F0091E51F /* NewsPrefixHeader.pch */,
			);
			name = "Supporting Files";
			sourceTree = "<group>";
		};
		77B41CBF1DBF46F90091E51F /* Classes */ = {
			isa = PBXGroup;
			children = (
				77B41CC01DBF46F90091E51F /* Home */,
				77B41CC11DBF46F90091E51F /* Main */,
			);
			path = Classes;
			sourceTree = "<group>";
		};
		77B41CC01DBF46F90091E51F /* Home */ = {
			isa = PBXGroup;
			children = (
				7739A5E31DC0AAF60020D974 /* Model */,
				7739A5D61DC0A2FF0020D974 /* Views */,
				77B41CFE1DBF5B120091E51F /* NewsList */,
				77B41CFD1DBF5B120091E51F /* NewsDetail */,
				77B41CF91DBF47480091E51F /* JQHomeController.h */,
				77B41CFA1DBF47480091E51F /* JQHomeController.m */,
			);
			path = Home;
			sourceTree = "<group>";
		};
		77B41CC11DBF46F90091E51F /* Main */ = {
			isa = PBXGroup;
			children = (
				77B41CF61DBF472D0091E51F /* JQMainTabController.h */,
				77B41CF71DBF472D0091E51F /* JQMainTabController.m */,
			);
			path = Main;
			sourceTree = "<group>";
		};
		77B41CC21DBF47030091E51F /* Tools */ = {
			isa = PBXGroup;
			children = (
				77B41CC31DBF47030091E51F /* Additions */,
				77B41CE11DBF47030091E51F /* 图片轮播器 */,
			);
			path = Tools;
			sourceTree = "<group>";
		};
		77B41CC31DBF47030091E51F /* Additions */ = {
			isa = PBXGroup;
			children = (
				77B41CC41DBF47030091E51F /* CZAdditions.h */,
				77B41CC51DBF47030091E51F /* NSArray+CZAddition.h */,
				77B41CC61DBF47030091E51F /* NSArray+CZAddition.m */,
				77B41CC71DBF47030091E51F /* NSArray+Log.h */,
				77B41CC81DBF47030091E51F /* NSArray+Log.m */,
				77B41CC91DBF47030091E51F /* NSAttributedString+CZAdditon.h */,
				77B41CCA1DBF47030091E51F /* NSAttributedString+CZAdditon.m */,
				77B41CCB1DBF47030091E51F /* NSAttributedString+Extension.h */,
				77B41CCC1DBF47030091E51F /* NSAttributedString+Extension.m */,
				77B41CCD1DBF47030091E51F /* NSObject+CZAddition.h */,
				77B41CCE1DBF47030091E51F /* NSObject+CZAddition.m */,
				77B41CCF1DBF47030091E51F /* NSString+Base64.h */,
				77B41CD01DBF47030091E51F /* NSString+Base64.m */,
				77B41CD31DBF47030091E51F /* NSString+Hash.h */,
				77B41CD41DBF47030091E51F /* NSString+Hash.m */,
				77B41CD51DBF47030091E51F /* NSString+Path.h */,
				77B41CD61DBF47030091E51F /* NSString+Path.m */,
				77B41CD71DBF47030091E51F /* UIColor+CZAddition.h */,
				77B41CD81DBF47030091E51F /* UIColor+CZAddition.m */,
				77B41CD91DBF47030091E51F /* UIImage+Extension.h */,
				77B41CDA1DBF47030091E51F /* UIImage+Extension.m */,
				77B41CDB1DBF47030091E51F /* UILabel+CZAddition.h */,
				77B41CDC1DBF47030091E51F /* UILabel+CZAddition.m */,
				77B41CDD1DBF47030091E51F /* UILabel+Extension.h */,
				77B41CDE1DBF47030091E51F /* UILabel+Extension.m */,
				77B41CDF1DBF47030091E51F /* UIView+WP.h */,
				77B41CE01DBF47030091E51F /* UIView+WP.m */,
			);
			path = Additions;
			sourceTree = "<group>";
		};
		77B41CE11DBF47030091E51F /* 图片轮播器 */ = {
			isa = PBXGroup;
			children = (
				77B41CE21DBF47030091E51F /* ZFBSlideCell.h */,
				77B41CE31DBF47030091E51F /* ZFBSlideCell.m */,
				77B41CE41DBF47030091E51F /* ZFBSlideView.h */,
				77B41CE51DBF47030091E51F /* ZFBSlideView.m */,
			);
			path = "图片轮播器";
			sourceTree = "<group>";
		};
		77B41CFD1DBF5B120091E51F /* NewsDetail */ = {
			isa = PBXGroup;
			children = (
				7739A61C1DC2579E0020D974 /* JQNewsDetailController.h */,
				7739A61D1DC2579E0020D974 /* JQNewsDetailController.m */,
			);
			path = NewsDetail;
			sourceTree = "<group>";
		};
		77B41CFE1DBF5B120091E51F /* NewsList */ = {
			isa = PBXGroup;
			children = (
				77B41D0A1DC05D830091E51F /* Views */,
				77B41D061DC05A2D0091E51F /* Model */,
				77B41CFF1DBF5B310091E51F /* JQNewsListController.h */,
				77B41D001DBF5B310091E51F /* JQNewsListController.m */,
			);
			path = NewsList;
			sourceTree = "<group>";
		};
		77B41D021DC0426E0091E51F /* Network */ = {
			isa = PBXGroup;
			children = (
				77B41D031DC043AB0091E51F /* JQNetworkManager.h */,
				77B41D041DC043AB0091E51F /* JQNetworkManager.m */,
				7739A5D31DC0A0050020D974 /* UIImageView+JQ_WebImage.h */,
				7739A5D41DC0A0050020D974 /* UIImageView+JQ_WebImage.m */,
			);
			path = Network;
			sourceTree = "<group>";
		};
		77B41D061DC05A2D0091E51F /* Model */ = {
			isa = PBXGroup;
			children = (
				77B41D071DC05A4F0091E51F /* JQNewsList.h */,
				77B41D081DC05A4F0091E51F /* JQNewsList.m */,
			);
			path = Model;
			sourceTree = "<group>";
		};
		77B41D0A1DC05D830091E51F /* Views */ = {
			isa = PBXGroup;
			children = (
				7739A5CC1DC08CFD0020D974 /* JQNewsCell.h */,
				7739A5CD1DC08CFD0020D974 /* JQNewsCell.m */,
				7739A5CF1DC095BD0020D974 /* JQBigImageCell.xib */,
				77B41D0D1DC05DBA0091E51F /* JQNewsNormalCell.xib */,
				7739A5C91DC085030020D974 /* JQExtraImageCell.xib */,
				7739A5D11DC09AB90020D974 /* JQHeadCell.xib */,
			);
			path = Views;
			sourceTree = "<group>";
		};
		CC7B3DF29EF50652C022D160 /* Frameworks */ = {
			isa = PBXGroup;
			children = (
				2E5D77AA2BECBA536DE59B2B /* libPods-NewsDemo.a */,
			);
			name = Frameworks;
			sourceTree = "<group>";
		};
/* End PBXGroup section */

/* Begin PBXNativeTarget section */
		77B41CA41DBF436E0091E51F /* NewsDemo */ = {
			isa = PBXNativeTarget;
			buildConfigurationList = 77B41CBC1DBF436E0091E51F /* Build configuration list for PBXNativeTarget "NewsDemo" */;
			buildPhases = (
				6470BE54EE6726A4A0F979D6 /* [CP] Check Pods Manifest.lock */,
				77B41CA11DBF436E0091E51F /* Sources */,
				77B41CA21DBF436E0091E51F /* Frameworks */,
				77B41CA31DBF436E0091E51F /* Resources */,
				6FD201CF40B4C9312CE61CD3 /* [CP] Embed Pods Frameworks */,
				95C678C43550541F6EE9E948 /* [CP] Copy Pods Resources */,
			);
			buildRules = (
			);
			dependencies = (
			);
			name = NewsDemo;
			productName = NewsDemo;
			productReference = 77B41CA51DBF436E0091E51F /* NewsDemo.app */;
			productType = "com.apple.product-type.application";
		};
/* End PBXNativeTarget section */

/* Begin PBXProject section */
		77B41C9D1DBF436E0091E51F /* Project object */ = {
			isa = PBXProject;
			attributes = {
				CLASSPREFIX = JQ;
				LastUpgradeCheck = 0730;
				ORGANIZATIONNAME = maoge;
				TargetAttributes = {
					77B41CA41DBF436E0091E51F = {
						CreatedOnToolsVersion = 7.3.1;
						DevelopmentTeam = 47LF34TNU8;
					};
				};
			};
			buildConfigurationList = 77B41CA01DBF436E0091E51F /* Build configuration list for PBXProject "NewsDemo" */;
			compatibilityVersion = "Xcode 3.2";
			developmentRegion = English;
			hasScannedForEncodings = 0;
			knownRegions = (
				en,
				Base,
			);
			mainGroup = 77B41C9C1DBF436E0091E51F;
			productRefGroup = 77B41CA61DBF436E0091E51F /* Products */;
			projectDirPath = "";
			projectRoot = "";
			targets = (
				77B41CA41DBF436E0091E51F /* NewsDemo */,
			);
		};
/* End PBXProject section */

/* Begin PBXResourcesBuildPhase section */
		77B41CA31DBF436E0091E51F /* Resources */ = {
			isa = PBXResourcesBuildPhase;
			buildActionMask = 2147483647;
			files = (
				77B41CB81DBF436E0091E51F /* LaunchScreen.storyboard in Resources */,
				77B41CB51DBF436E0091E51F /* Assets.xcassets in Resources */,
				7739A5DC1DC0A3B30020D974 /* news.css in Resources */,
				7739A5DA1DC0A3AD0020D974 /* topic_news.json in Resources */,
				77B41D0F1DC05DBA0091E51F /* JQNewsNormalCell.xib in Resources */,
				7739A5CB1DC085030020D974 /* JQExtraImageCell.xib in Resources */,
				7739A5D21DC09AB90020D974 /* JQHeadCell.xib in Resources */,
				7739A5EE1DC19C4C0020D974 /* JQChannelView.xib in Resources */,
				7739A5D01DC095BD0020D974 /* JQBigImageCell.xib in Resources */,
			);
			runOnlyForDeploymentPostprocessing = 0;
		};
/* End PBXResourcesBuildPhase section */

/* Begin PBXShellScriptBuildPhase section */
		6470BE54EE6726A4A0F979D6 /* [CP] Check Pods Manifest.lock */ = {
			isa = PBXShellScriptBuildPhase;
			buildActionMask = 2147483647;
			files = (
			);
			inputPaths = (
			);
			name = "[CP] Check Pods Manifest.lock";
			outputPaths = (
			);
			runOnlyForDeploymentPostprocessing = 0;
			shellPath = /bin/sh;
			shellScript = "diff \"${PODS_ROOT}/../Podfile.lock\" \"${PODS_ROOT}/Manifest.lock\" > /dev/null\nif [[ $? != 0 ]] ; then\n    cat << EOM\nerror: The sandbox is not in sync with the Podfile.lock. Run 'pod install' or update your CocoaPods installation.\nEOM\n    exit 1\nfi\n";
			showEnvVarsInLog = 0;
		};
		6FD201CF40B4C9312CE61CD3 /* [CP] Embed Pods Frameworks */ = {
			isa = PBXShellScriptBuildPhase;
			buildActionMask = 2147483647;
			files = (
			);
			inputPaths = (
			);
			name = "[CP] Embed Pods Frameworks";
			outputPaths = (
			);
			runOnlyForDeploymentPostprocessing = 0;
			shellPath = /bin/sh;
			shellScript = "\"${SRCROOT}/Pods/Target Support Files/Pods-NewsDemo/Pods-NewsDemo-frameworks.sh\"\n";
			showEnvVarsInLog = 0;
		};
		95C678C43550541F6EE9E948 /* [CP] Copy Pods Resources */ = {
			isa = PBXShellScriptBuildPhase;
			buildActionMask = 2147483647;
			files = (
			);
			inputPaths = (
			);
			name = "[CP] Copy Pods Resources";
			outputPaths = (
			);
			runOnlyForDeploymentPostprocessing = 0;
			shellPath = /bin/sh;
			shellScript = "\"${SRCROOT}/Pods/Target Support Files/Pods-NewsDemo/Pods-NewsDemo-resources.sh\"\n";
			showEnvVarsInLog = 0;
		};
/* End PBXShellScriptBuildPhase section */

/* Begin PBXSourcesBuildPhase section */
		77B41CA11DBF436E0091E51F /* Sources */ = {
			isa = PBXSourcesBuildPhase;
			buildActionMask = 2147483647;
			files = (
				77B41CE61DBF47030091E51F /* NSArray+CZAddition.m in Sources */,
				7739A5CE1DC08CFD0020D974 /* JQNewsCell.m in Sources */,
				77B41CFB1DBF47480091E51F /* JQHomeController.m in Sources */,
				77B41CF31DBF47030091E51F /* UIView+WP.m in Sources */,
				77B41CE71DBF47030091E51F /* NSArray+Log.m in Sources */,
				77B41D051DC043AB0091E51F /* JQNetworkManager.m in Sources */,
				7739A61E1DC2579E0020D974 /* JQNewsDetailController.m in Sources */,
				7739A5D51DC0A0050020D974 /* UIImageView+JQ_WebImage.m in Sources */,
				77B41CF41DBF47030091E51F /* ZFBSlideCell.m in Sources */,
				77B41CF21DBF47030091E51F /* UILabel+Extension.m in Sources */,
				77B41D091DC05A4F0091E51F /* JQNewsList.m in Sources */,
				77B41CF11DBF47030091E51F /* UILabel+CZAddition.m in Sources */,
				7739A5E61DC0AB1C0020D974 /* JQChannel.m in Sources */,
				77B41CEE1DBF47030091E51F /* NSString+Path.m in Sources */,
				77B41CF81DBF472D0091E51F /* JQMainTabController.m in Sources */,
				77B41CED1DBF47030091E51F /* NSString+Hash.m in Sources */,
				77B41CE81DBF47030091E51F /* NSAttributedString+CZAdditon.m in Sources */,
				7739A5F21DC19CCD0020D974 /* JQChannelLabel.m in Sources */,
				77B41CAD1DBF436E0091E51F /* AppDelegate.m in Sources */,
				77B41CEB1DBF47030091E51F /* NSString+Base64.m in Sources */,
				77B41CF01DBF47030091E51F /* UIImage+Extension.m in Sources */,
				77B41CF51DBF47030091E51F /* ZFBSlideView.m in Sources */,
				77B41CEF1DBF47030091E51F /* UIColor+CZAddition.m in Sources */,
				77B41CEA1DBF47030091E51F /* NSObject+CZAddition.m in Sources */,
				77B41D011DBF5B310091E51F /* JQNewsListController.m in Sources */,
				7739A5ED1DC19C4C0020D974 /* JQChannelView.m in Sources */,
				77B41CAA1DBF436E0091E51F /* main.m in Sources */,
				77B41CE91DBF47030091E51F /* NSAttributedString+Extension.m in Sources */,
			);
			runOnlyForDeploymentPostprocessing = 0;
		};
/* End PBXSourcesBuildPhase section */

/* Begin PBXVariantGroup section */
		77B41CB61DBF436E0091E51F /* LaunchScreen.storyboard */ = {
			isa = PBXVariantGroup;
			children = (
				77B41CB71DBF436E0091E51F /* Base */,
			);
			name = LaunchScreen.storyboard;
			sourceTree = "<group>";
		};
/* End PBXVariantGroup section */

/* Begin XCBuildConfiguration section */
		77B41CBA1DBF436E0091E51F /* Debug */ = {
			isa = XCBuildConfiguration;
			buildSettings = {
				ALWAYS_SEARCH_USER_PATHS = NO;
				CLANG_ANALYZER_NONNULL = YES;
				CLANG_CXX_LANGUAGE_STANDARD = "gnu++0x";
				CLANG_CXX_LIBRARY = "libc++";
				CLANG_ENABLE_MODULES = YES;
				CLANG_ENABLE_OBJC_ARC = YES;
				CLANG_WARN_BOOL_CONVERSION = YES;
				CLANG_WARN_CONSTANT_CONVERSION = YES;
				CLANG_WARN_DIRECT_OBJC_ISA_USAGE = YES_ERROR;
				CLANG_WARN_EMPTY_BODY = YES;
				CLANG_WARN_ENUM_CONVERSION = YES;
				CLANG_WARN_INT_CONVERSION = YES;
				CLANG_WARN_OBJC_ROOT_CLASS = YES_ERROR;
				CLANG_WARN_UNREACHABLE_CODE = YES;
				CLANG_WARN__DUPLICATE_METHOD_MATCH = YES;
				"CODE_SIGN_IDENTITY[sdk=iphoneos*]" = "iPhone Developer";
				COPY_PHASE_STRIP = NO;
				DEBUG_INFORMATION_FORMAT = dwarf;
				ENABLE_STRICT_OBJC_MSGSEND = YES;
				ENABLE_TESTABILITY = YES;
				GCC_C_LANGUAGE_STANDARD = gnu99;
				GCC_DYNAMIC_NO_PIC = NO;
				GCC_NO_COMMON_BLOCKS = YES;
				GCC_OPTIMIZATION_LEVEL = 0;
				GCC_PREPROCESSOR_DEFINITIONS = (
					"DEBUG=1",
					"$(inherited)",
				);
				GCC_WARN_64_TO_32_BIT_CONVERSION = YES;
				GCC_WARN_ABOUT_RETURN_TYPE = YES_ERROR;
				GCC_WARN_UNDECLARED_SELECTOR = YES;
				GCC_WARN_UNINITIALIZED_AUTOS = YES_AGGRESSIVE;
				GCC_WARN_UNUSED_FUNCTION = YES;
				GCC_WARN_UNUSED_VARIABLE = YES;
				IPHONEOS_DEPLOYMENT_TARGET = 9.3;
				MTL_ENABLE_DEBUG_INFO = YES;
				ONLY_ACTIVE_ARCH = YES;
				SDKROOT = iphoneos;
			};
			name = Debug;
		};
		77B41CBB1DBF436E0091E51F /* Release */ = {
			isa = XCBuildConfiguration;
			buildSettings = {
				ALWAYS_SEARCH_USER_PATHS = NO;
				CLANG_ANALYZER_NONNULL = YES;
				CLANG_CXX_LANGUAGE_STANDARD = "gnu++0x";
				CLANG_CXX_LIBRARY = "libc++";
				CLANG_ENABLE_MODULES = YES;
				CLANG_ENABLE_OBJC_ARC = YES;
				CLANG_WARN_BOOL_CONVERSION = YES;
				CLANG_WARN_CONSTANT_CONVERSION = YES;
				CLANG_WARN_DIRECT_OBJC_ISA_USAGE = YES_ERROR;
				CLANG_WARN_EMPTY_BODY = YES;
				CLANG_WARN_ENUM_CONVERSION = YES;
				CLANG_WARN_INT_CONVERSION = YES;
				CLANG_WARN_OBJC_ROOT_CLASS = YES_ERROR;
				CLANG_WARN_UNREACHABLE_CODE = YES;
				CLANG_WARN__DUPLICATE_METHOD_MATCH = YES;
				"CODE_SIGN_IDENTITY[sdk=iphoneos*]" = "iPhone Developer";
				COPY_PHASE_STRIP = NO;
				DEBUG_INFORMATION_FORMAT = "dwarf-with-dsym";
				ENABLE_NS_ASSERTIONS = NO;
				ENABLE_STRICT_OBJC_MSGSEND = YES;
				GCC_C_LANGUAGE_STANDARD = gnu99;
				GCC_NO_COMMON_BLOCKS = YES;
				GCC_WARN_64_TO_32_BIT_CONVERSION = YES;
				GCC_WARN_ABOUT_RETURN_TYPE = YES_ERROR;
				GCC_WARN_UNDECLARED_SELECTOR = YES;
				GCC_WARN_UNINITIALIZED_AUTOS = YES_AGGRESSIVE;
				GCC_WARN_UNUSED_FUNCTION = YES;
				GCC_WARN_UNUSED_VARIABLE = YES;
				IPHONEOS_DEPLOYMENT_TARGET = 9.3;
				MTL_ENABLE_DEBUG_INFO = NO;
				SDKROOT = iphoneos;
				VALIDATE_PRODUCT = YES;
			};
			name = Release;
		};
		77B41CBD1DBF436E0091E51F /* Debug */ = {
			isa = XCBuildConfiguration;
			baseConfigurationReference = CF5F054A288BDE4DA7732B83 /* Pods-NewsDemo.debug.xcconfig */;
			buildSettings = {
				ASSETCATALOG_COMPILER_APPICON_NAME = AppIcon;
				GCC_PREFIX_HEADER = NewsDemo/NewsPrefixHeader.pch;
				INFOPLIST_FILE = NewsDemo/Info.plist;
				IPHONEOS_DEPLOYMENT_TARGET = 8.0;
				LD_RUNPATH_SEARCH_PATHS = "$(inherited) @executable_path/Frameworks";
				PRODUCT_BUNDLE_IDENTIFIER = iOS.NewsDemo;
				PRODUCT_NAME = "$(TARGET_NAME)";
			};
			name = Debug;
		};
		77B41CBE1DBF436E0091E51F /* Release */ = {
			isa = XCBuildConfiguration;
			baseConfigurationReference = B544963064173AEB383905ED /* Pods-NewsDemo.release.xcconfig */;
			buildSettings = {
				ASSETCATALOG_COMPILER_APPICON_NAME = AppIcon;
				GCC_PREFIX_HEADER = NewsDemo/NewsPrefixHeader.pch;
				INFOPLIST_FILE = NewsDemo/Info.plist;
				IPHONEOS_DEPLOYMENT_TARGET = 8.0;
				LD_RUNPATH_SEARCH_PATHS = "$(inherited) @executable_path/Frameworks";
				PRODUCT_BUNDLE_IDENTIFIER = iOS.NewsDemo;
				PRODUCT_NAME = "$(TARGET_NAME)";
			};
			name = Release;
		};
/* End XCBuildConfiguration section */

/* Begin XCConfigurationList section */
		77B41CA01DBF436E0091E51F /* Build configuration list for PBXProject "NewsDemo" */ = {
			isa = XCConfigurationList;
			buildConfigurations = (
				77B41CBA1DBF436E0091E51F /* Debug */,
				77B41CBB1DBF436E0091E51F /* Release */,
			);
			defaultConfigurationIsVisible = 0;
			defaultConfigurationName = Release;
		};
		77B41CBC1DBF436E0091E51F /* Build configuration list for PBXNativeTarget "NewsDemo" */ = {
			isa = XCConfigurationList;
			buildConfigurations = (
				77B41CBD1DBF436E0091E51F /* Debug */,
				77B41CBE1DBF436E0091E51F /* Release */,
			);
			defaultConfigurationIsVisible = 0;
			defaultConfigurationName = Release;
		};
/* End XCConfigurationList section */
	};
	rootObject = 77B41C9D1DBF436E0091E51F /* Project object */;
}
